
Microsoft Visual Studio Solution File, Format Version 12.00
# Visual Studio 2013
VisualStudioVersion = 12.0.30501.0
MinimumVisualStudioVersion = 10.0.40219.1
Project("{2150E333-8FDC-42A3-9474-1A3956D46DE8}") = "Data", "Data", "{DA5DDC3D-721E-4838-9506-D3975E75E0D3}"
EndProject
Project("{2150E333-8FDC-42A3-9474-1A3956D46DE8}") = "Web", "Web", "{C6EB87DB-0949-40C9-B368-602FC51633C0}"
EndProject
Project("{FAE04EC0-301F-11D3-BF4B-00C04F79EFBC}") = "MediaShare.Data", "MediaShare.Data\MediaShare.Data.csproj", "{A7FB999E-F27B-4208-9B36-4EC002F1665D}"
EndProject
Project("{FAE04EC0-301F-11D3-BF4B-00C04F79EFBC}") = "MediaShare.Models", "MediaShare.Models\MediaShare.Models.csproj", "{29D039AD-7FFB-4CB1-85D8-BB6FCCF817DB}"
EndProject
Project("{FAE04EC0-301F-11D3-BF4B-00C04F79EFBC}") = "MediaShare.Web", "MediaShare.Web\MediaShare.Web.csproj", "{B2DC711C-A6DF-4998-850E-D4349DC3E8E6}"
EndProject
Project("{FAE04EC0-301F-11D3-BF4B-00C04F79EFBC}") = "MediaShare.Web.Tests", "MediaShare.Web.Tests\MediaShare.Web.Tests.csproj", "{9273C490-AC11-4F23-81AD-55CD3E39063C}"
EndProject
Project("{2150E333-8FDC-42A3-9474-1A3956D46DE8}") = "Tests", "Tests", "{72787190-DC4F-4918-991C-8D7D7CA3D461}"
EndProject
Global
	GlobalSection(SolutionConfigurationPlatforms) = preSolution
		Debug|Any CPU = Debug|Any CPU
		Release|Any CPU = Release|Any CPU
	EndGlobalSection
	GlobalSection(ProjectConfigurationPlatforms) = postSolution
		{A7FB999E-F27B-4208-9B36-4EC002F1665D}.Debug|Any CPU.ActiveCfg = Debug|Any CPU
		{A7FB999E-F27B-4208-9B36-4EC002F1665D}.Debug|Any CPU.Build.0 = Debug|Any CPU
		{A7FB999E-F27B-4208-9B36-4EC002F1665D}.Release|Any CPU.ActiveCfg = Release|Any CPU
		{A7FB999E-F27B-4208-9B36-4EC002F1665D}.Release|Any CPU.Build.0 = Release|Any CPU
		{29D039AD-7FFB-4CB1-85D8-BB6FCCF817DB}.Debug|Any CPU.ActiveCfg = Debug|Any CPU
		{29D039AD-7FFB-4CB1-85D8-BB6FCCF817DB}.Debug|Any CPU.Build.0 = Debug|Any CPU
		{29D039AD-7FFB-4CB1-85D8-BB6FCCF817DB}.Release|Any CPU.ActiveCfg = Release|Any CPU
		{29D039AD-7FFB-4CB1-85D8-BB6FCCF817DB}.Release|Any CPU.Build.0 = Release|Any CPU
		{B2DC711C-A6DF-4998-850E-D4349DC3E8E6}.Debug|Any CPU.ActiveCfg = Debug|Any CPU
		{B2DC711C-A6DF-4998-850E-D4349DC3E8E6}.Debug|Any CPU.Build.0 = Debug|Any CPU
		{B2DC711C-A6DF-4998-850E-D4349DC3E8E6}.Release|Any CPU.ActiveCfg = Release|Any CPU
		{B2DC711C-A6DF-4998-850E-D4349DC3E8E6}.Release|Any CPU.Build.0 = Release|Any CPU
		{9273C490-AC11-4F23-81AD-55CD3E39063C}.Debug|Any CPU.ActiveCfg = Debug|Any CPU
		{9273C490-AC11-4F23-81AD-55CD3E39063C}.Debug|Any CPU.Build.0 = Debug|Any CPU
		{9273C490-AC11-4F23-81AD-55CD3E39063C}.Release|Any CPU.ActiveCfg = Release|Any CPU
		{9273C490-AC11-4F23-81AD-55CD3E39063C}.Release|Any CPU.Build.0 = Release|Any CPU
	EndGlobalSection
	GlobalSection(SolutionProperties) = preSolution
		HideSolutionNode = FALSE
	EndGlobalSection
	GlobalSection(NestedProjects) = preSolution
		{A7FB999E-F27B-4208-9B36-4EC002F1665D} = {DA5DDC3D-721E-4838-9506-D3975E75E0D3}
		{29D039AD-7FFB-4CB1-85D8-BB6FCCF817DB} = {DA5DDC3D-721E-4838-9506-D3975E75E0D3}
		{B2DC711C-A6DF-4998-850E-D4349DC3E8E6} = {C6EB87DB-0949-40C9-B368-602FC51633C0}
		{9273C490-AC11-4F23-81AD-55CD3E39063C} = {72787190-DC4F-4918-991C-8D7D7CA3D461}
	EndGlobalSection
EndGlobal
